// !$*UTF8*$!
{
	archiveVersion = 1;
	classes = {
	};
	objectVersion = 56;
	objects = {

/* Begin PBXBuildFile section */
		BC1490E42A3483E700BD84EF /* AppDelegate.swift in Sources */ = {isa = PBXBuildFile; fileRef = BC1490E32A3483E700BD84EF /* AppDelegate.swift */; };
		BC1490E62A3483E700BD84EF /* SceneDelegate.swift in Sources */ = {isa = PBXBuildFile; fileRef = BC1490E52A3483E700BD84EF /* SceneDelegate.swift */; };
		BC1490E82A3483E700BD84EF /* RMTabBarController.swift in Sources */ = {isa = PBXBuildFile; fileRef = BC1490E72A3483E700BD84EF /* RMTabBarController.swift */; };
		BC1490ED2A3483E800BD84EF /* Assets.xcassets in Resources */ = {isa = PBXBuildFile; fileRef = BC1490EC2A3483E800BD84EF /* Assets.xcassets */; };
		BC1490F02A3483E800BD84EF /* LaunchScreen.storyboard in Resources */ = {isa = PBXBuildFile; fileRef = BC1490EE2A3483E800BD84EF /* LaunchScreen.storyboard */; };
		BC1491022A348B1200BD84EF /* RMLocation.swift in Sources */ = {isa = PBXBuildFile; fileRef = BC1491012A348B1200BD84EF /* RMLocation.swift */; };
		BC1491042A348B2F00BD84EF /* RMCharacter.swift in Sources */ = {isa = PBXBuildFile; fileRef = BC1491032A348B2F00BD84EF /* RMCharacter.swift */; };
		BC1491062A348B3C00BD84EF /* RMEpisode.swift in Sources */ = {isa = PBXBuildFile; fileRef = BC1491052A348B3C00BD84EF /* RMEpisode.swift */; };
		BC1491092A348CDC00BD84EF /* RMCharacterViewController.swift in Sources */ = {isa = PBXBuildFile; fileRef = BC1491082A348CDC00BD84EF /* RMCharacterViewController.swift */; };
		BC14910B2A348CF600BD84EF /* RMLocationViewController.swift in Sources */ = {isa = PBXBuildFile; fileRef = BC14910A2A348CF600BD84EF /* RMLocationViewController.swift */; };
		BC14910D2A348D0600BD84EF /* RMEpisodeViewController.swift in Sources */ = {isa = PBXBuildFile; fileRef = BC14910C2A348D0600BD84EF /* RMEpisodeViewController.swift */; };
		BC14910F2A348D2C00BD84EF /* RMSettingsViewController.swift in Sources */ = {isa = PBXBuildFile; fileRef = BC14910E2A348D2C00BD84EF /* RMSettingsViewController.swift */; };
/* End PBXBuildFile section */

/* Begin PBXFileReference section */
		BC1490E02A3483E700BD84EF /* RickAndMorty.app */ = {isa = PBXFileReference; explicitFileType = wrapper.application; includeInIndex = 0; path = RickAndMorty.app; sourceTree = BUILT_PRODUCTS_DIR; };
		BC1490E32A3483E700BD84EF /* AppDelegate.swift */ = {isa = PBXFileReference; lastKnownFileType = sourcecode.swift; path = AppDelegate.swift; sourceTree = "<group>"; };
		BC1490E52A3483E700BD84EF /* SceneDelegate.swift */ = {isa = PBXFileReference; lastKnownFileType = sourcecode.swift; path = SceneDelegate.swift; sourceTree = "<group>"; };
		BC1490E72A3483E700BD84EF /* RMTabBarController.swift */ = {isa = PBXFileReference; lastKnownFileType = sourcecode.swift; path = RMTabBarController.swift; sourceTree = "<group>"; };
		BC1490EC2A3483E800BD84EF /* Assets.xcassets */ = {isa = PBXFileReference; lastKnownFileType = folder.assetcatalog; path = Assets.xcassets; sourceTree = "<group>"; };
		BC1490EF2A3483E800BD84EF /* Base */ = {isa = PBXFileReference; lastKnownFileType = file.storyboard; name = Base; path = Base.lproj/LaunchScreen.storyboard; sourceTree = "<group>"; };
		BC1490F12A3483E800BD84EF /* Info.plist */ = {isa = PBXFileReference; lastKnownFileType = text.plist.xml; path = Info.plist; sourceTree = "<group>"; };
		BC1491012A348B1200BD84EF /* RMLocation.swift */ = {isa = PBXFileReference; lastKnownFileType = sourcecode.swift; path = RMLocation.swift; sourceTree = "<group>"; };
		BC1491032A348B2F00BD84EF /* RMCharacter.swift */ = {isa = PBXFileReference; lastKnownFileType = sourcecode.swift; path = RMCharacter.swift; sourceTree = "<group>"; };
		BC1491052A348B3C00BD84EF /* RMEpisode.swift */ = {isa = PBXFileReference; lastKnownFileType = sourcecode.swift; path = RMEpisode.swift; sourceTree = "<group>"; };
		BC1491082A348CDC00BD84EF /* RMCharacterViewController.swift */ = {isa = PBXFileReference; lastKnownFileType = sourcecode.swift; path = RMCharacterViewController.swift; sourceTree = "<group>"; };
		BC14910A2A348CF600BD84EF /* RMLocationViewController.swift */ = {isa = PBXFileReference; lastKnownFileType = sourcecode.swift; path = RMLocationViewController.swift; sourceTree = "<group>"; };
		BC14910C2A348D0600BD84EF /* RMEpisodeViewController.swift */ = {isa = PBXFileReference; lastKnownFileType = sourcecode.swift; path = RMEpisodeViewController.swift; sourceTree = "<group>"; };
		BC14910E2A348D2C00BD84EF /* RMSettingsViewController.swift */ = {isa = PBXFileReference; lastKnownFileType = sourcecode.swift; path = RMSettingsViewController.swift; sourceTree = "<group>"; };
/* End PBXFileReference section */

/* Begin PBXFrameworksBuildPhase section */
		BC1490DD2A3483E700BD84EF /* Frameworks */ = {
			isa = PBXFrameworksBuildPhase;
			buildActionMask = 2147483647;
			files = (
			);
			runOnlyForDeploymentPostprocessing = 0;
		};
/* End PBXFrameworksBuildPhase section */

/* Begin PBXGroup section */
		BC1490D72A3483E700BD84EF = {
			isa = PBXGroup;
			children = (
				BC1490E22A3483E700BD84EF /* RickAndMorty */,
				BC1490E12A3483E700BD84EF /* Products */,
			);
			sourceTree = "<group>";
		};
		BC1490E12A3483E700BD84EF /* Products */ = {
			isa = PBXGroup;
			children = (
				BC1490E02A3483E700BD84EF /* RickAndMorty.app */,
			);
			name = Products;
			sourceTree = "<group>";
		};
		BC1490E22A3483E700BD84EF /* RickAndMorty */ = {
			isa = PBXGroup;
			children = (
				BC1490F82A3487C700BD84EF /* Resources */,
				BC1490FE2A3487DD00BD84EF /* Managers */,
				BC1490FD2A3487DA00BD84EF /* APIClient */,
				BC1490FC2A3487D700BD84EF /* ViewModels */,
				BC1490FB2A3487CF00BD84EF /* Views */,
				BC1490FA2A3487CB00BD84EF /* Models */,
				BC1490F92A3487C900BD84EF /* Controllers */,
				BC1490F72A3487C300BD84EF /* New Group */,
				BC1490F12A3483E800BD84EF /* Info.plist */,
			);
			path = RickAndMorty;
			sourceTree = "<group>";
		};
		BC1490F72A3487C300BD84EF /* New Group */ = {
			isa = PBXGroup;
			children = (
			);
			path = "New Group";
			sourceTree = "<group>";
		};
		BC1490F82A3487C700BD84EF /* Resources */ = {
			isa = PBXGroup;
			children = (
				BC1490EC2A3483E800BD84EF /* Assets.xcassets */,
				BC1490EE2A3483E800BD84EF /* LaunchScreen.storyboard */,
				BC1490E32A3483E700BD84EF /* AppDelegate.swift */,
				BC1490E52A3483E700BD84EF /* SceneDelegate.swift */,
			);
			path = Resources;
			sourceTree = "<group>";
		};
		BC1490F92A3487C900BD84EF /* Controllers */ = {
			isa = PBXGroup;
			children = (
				BC1491072A348C8800BD84EF /* Core */,
			);
			path = Controllers;
			sourceTree = "<group>";
		};
		BC1490FA2A3487CB00BD84EF /* Models */ = {
			isa = PBXGroup;
			children = (
				BC1491012A348B1200BD84EF /* RMLocation.swift */,
				BC1491032A348B2F00BD84EF /* RMCharacter.swift */,
				BC1491052A348B3C00BD84EF /* RMEpisode.swift */,
			);
			path = Models;
			sourceTree = "<group>";
		};
		BC1490FB2A3487CF00BD84EF /* Views */ = {
			isa = PBXGroup;
			children = (
			);
			path = Views;
			sourceTree = "<group>";
		};
		BC1490FC2A3487D700BD84EF /* ViewModels */ = {
			isa = PBXGroup;
			children = (
			);
			path = ViewModels;
			sourceTree = "<group>";
		};
		BC1490FD2A3487DA00BD84EF /* APIClient */ = {
			isa = PBXGroup;
			children = (
			);
			path = APIClient;
			sourceTree = "<group>";
		};
		BC1490FE2A3487DD00BD84EF /* Managers */ = {
			isa = PBXGroup;
			children = (
			);
			path = Managers;
			sourceTree = "<group>";
		};
		BC1491072A348C8800BD84EF /* Core */ = {
			isa = PBXGroup;
			children = (
				BC1490E72A3483E700BD84EF /* RMTabBarController.swift */,
				BC1491082A348CDC00BD84EF /* RMCharacterViewController.swift */,
				BC14910A2A348CF600BD84EF /* RMLocationViewController.swift */,
				BC14910C2A348D0600BD84EF /* RMEpisodeViewController.swift */,
				BC14910E2A348D2C00BD84EF /* RMSettingsViewController.swift */,
			);
			path = Core;
			sourceTree = "<group>";
		};
/* End PBXGroup section */

/* Begin PBXNativeTarget section */
		BC1490DF2A3483E700BD84EF /* RickAndMorty */ = {
			isa = PBXNativeTarget;
			buildConfigurationList = BC1490F42A3483E800BD84EF /* Build configuration list for PBXNativeTarget "RickAndMorty" */;
			buildPhases = (
				BC1490DC2A3483E700BD84EF /* Sources */,
				BC1490DD2A3483E700BD84EF /* Frameworks */,
				BC1490DE2A3483E700BD84EF /* Resources */,
			);
			buildRules = (
			);
			dependencies = (
			);
			name = RickAndMorty;
			productName = RickAndMorty;
			productReference = BC1490E02A3483E700BD84EF /* RickAndMorty.app */;
			productType = "com.apple.product-type.application";
		};
/* End PBXNativeTarget section */

/* Begin PBXProject section */
		BC1490D82A3483E700BD84EF /* Project object */ = {
			isa = PBXProject;
			attributes = {
				BuildIndependentTargetsInParallel = 1;
				LastSwiftUpdateCheck = 1500;
				LastUpgradeCheck = 1500;
				TargetAttributes = {
					BC1490DF2A3483E700BD84EF = {
						CreatedOnToolsVersion = 15.0;
					};
				};
			};
			buildConfigurationList = BC1490DB2A3483E700BD84EF /* Build configuration list for PBXProject "RickAndMorty" */;
			compatibilityVersion = "Xcode 14.0";
			developmentRegion = en;
			hasScannedForEncodings = 0;
			knownRegions = (
				en,
				Base,
			);
			mainGroup = BC1490D72A3483E700BD84EF;
			productRefGroup = BC1490E12A3483E700BD84EF /* Products */;
			projectDirPath = "";
			projectRoot = "";
			targets = (
				BC1490DF2A3483E700BD84EF /* RickAndMorty */,
			);
		};
/* End PBXProject section */

/* Begin PBXResourcesBuildPhase section */
		BC1490DE2A3483E700BD84EF /* Resources */ = {
			isa = PBXResourcesBuildPhase;
			buildActionMask = 2147483647;
			files = (
				BC1490F02A3483E800BD84EF /* LaunchScreen.storyboard in Resources */,
				BC1490ED2A3483E800BD84EF /* Assets.xcassets in Resources */,
			);
			runOnlyForDeploymentPostprocessing = 0;
		};
/* End PBXResourcesBuildPhase section */

/* Begin PBXSourcesBuildPhase section */
		BC1490DC2A3483E700BD84EF /* Sources */ = {
			isa = PBXSourcesBuildPhase;
			buildActionMask = 2147483647;
			files = (
				BC14910B2A348CF600BD84EF /* RMLocationViewController.swift in Sources */,
				BC1491062A348B3C00BD84EF /* RMEpisode.swift in Sources */,
				BC1490E82A3483E700BD84EF /* RMTabBarController.swift in Sources */,
				BC14910D2A348D0600BD84EF /* RMEpisodeViewController.swift in Sources */,
				BC1490E42A3483E700BD84EF /* AppDelegate.swift in Sources */,
				BC1490E62A3483E700BD84EF /* SceneDelegate.swift in Sources */,
				BC14910F2A348D2C00BD84EF /* RMSettingsViewController.swift in Sources */,
				BC1491022A348B1200BD84EF /* RMLocation.swift in Sources */,
				BC1491042A348B2F00BD84EF /* RMCharacter.swift in Sources */,
				BC1491092A348CDC00BD84EF /* RMCharacterViewController.swift in Sources */,
			);
			runOnlyForDeploymentPostprocessing = 0;
		};
/* End PBXSourcesBuildPhase section */

/* Begin PBXVariantGroup section */
		BC1490EE2A3483E800BD84EF /* LaunchScreen.storyboard */ = {
			isa = PBXVariantGroup;
			children = (
				BC1490EF2A3483E800BD84EF /* Base */,
			);
			name = LaunchScreen.storyboard;
			sourceTree = "<group>";
		};
/* End PBXVariantGroup section */

/* Begin XCBuildConfiguration section */
		BC1490F22A3483E800BD84EF /* Debug */ = {
			isa = XCBuildConfiguration;
			buildSettings = {
				ALWAYS_SEARCH_USER_PATHS = NO;
				ASSETCATALOG_COMPILER_GENERATE_SWIFT_ASSET_SYMBOL_EXTENSIONS = YES;
				CLANG_ANALYZER_NONNULL = YES;
				CLANG_ANALYZER_NUMBER_OBJECT_CONVERSION = YES_AGGRESSIVE;
				CLANG_CXX_LANGUAGE_STANDARD = "gnu++20";
				CLANG_ENABLE_MODULES = YES;
				CLANG_ENABLE_OBJC_ARC = YES;
				CLANG_ENABLE_OBJC_WEAK = YES;
				CLANG_WARN_BLOCK_CAPTURE_AUTORELEASING = YES;
				CLANG_WARN_BOOL_CONVERSION = YES;
				CLANG_WARN_COMMA = YES;
				CLANG_WARN_CONSTANT_CONVERSION = YES;
				CLANG_WARN_DEPRECATED_OBJC_IMPLEMENTATIONS = YES;
				CLANG_WARN_DIRECT_OBJC_ISA_USAGE = YES_ERROR;
				CLANG_WARN_DOCUMENTATION_COMMENTS = YES;
				CLANG_WARN_EMPTY_BODY = YES;
				CLANG_WARN_ENUM_CONVERSION = YES;
				CLANG_WARN_INFINITE_RECURSION = YES;
				CLANG_WARN_INT_CONVERSION = YES;
				CLANG_WARN_NON_LITERAL_NULL_CONVERSION = YES;
				CLANG_WARN_OBJC_IMPLICIT_RETAIN_SELF = YES;
				CLANG_WARN_OBJC_LITERAL_CONVERSION = YES;
				CLANG_WARN_OBJC_ROOT_CLASS = YES_ERROR;
				CLANG_WARN_QUOTED_INCLUDE_IN_FRAMEWORK_HEADER = YES;
				CLANG_WARN_RANGE_LOOP_ANALYSIS = YES;
				CLANG_WARN_STRICT_PROTOTYPES = YES;
				CLANG_WARN_SUSPICIOUS_MOVE = YES;
				CLANG_WARN_UNGUARDED_AVAILABILITY = YES_AGGRESSIVE;
				CLANG_WARN_UNREACHABLE_CODE = YES;
				CLANG_WARN__DUPLICATE_METHOD_MATCH = YES;
				COPY_PHASE_STRIP = NO;
				DEBUG_INFORMATION_FORMAT = dwarf;
				ENABLE_STRICT_OBJC_MSGSEND = YES;
				ENABLE_TESTABILITY = YES;
				ENABLE_USER_SCRIPT_SANDBOXING = YES;
				GCC_C_LANGUAGE_STANDARD = gnu17;
				GCC_DYNAMIC_NO_PIC = NO;
				GCC_NO_COMMON_BLOCKS = YES;
				GCC_OPTIMIZATION_LEVEL = 0;
				GCC_PREPROCESSOR_DEFINITIONS = (
					"DEBUG=1",
					"$(inherited)",
				);
				GCC_WARN_64_TO_32_BIT_CONVERSION = YES;
				GCC_WARN_ABOUT_RETURN_TYPE = YES_ERROR;
				GCC_WARN_UNDECLARED_SELECTOR = YES;
				GCC_WARN_UNINITIALIZED_AUTOS = YES_AGGRESSIVE;
				GCC_WARN_UNUSED_FUNCTION = YES;
				GCC_WARN_UNUSED_VARIABLE = YES;
				IPHONEOS_DEPLOYMENT_TARGET = 17.0;
				LOCALIZATION_PREFERS_STRING_CATALOGS = YES;
				MTL_ENABLE_DEBUG_INFO = INCLUDE_SOURCE;
				MTL_FAST_MATH = YES;
				ONLY_ACTIVE_ARCH = YES;
				SDKROOT = iphoneos;
				SWIFT_ACTIVE_COMPILATION_CONDITIONS = "DEBUG $(inherited)";
				SWIFT_OPTIMIZATION_LEVEL = "-Onone";
			};
			name = Debug;
		};
		BC1490F32A3483E800BD84EF /* Release */ = {
			isa = XCBuildConfiguration;
			buildSettings = {
				ALWAYS_SEARCH_USER_PATHS = NO;
				ASSETCATALOG_COMPILER_GENERATE_SWIFT_ASSET_SYMBOL_EXTENSIONS = YES;
				CLANG_ANALYZER_NONNULL = YES;
				CLANG_ANALYZER_NUMBER_OBJECT_CONVERSION = YES_AGGRESSIVE;
				CLANG_CXX_LANGUAGE_STANDARD = "gnu++20";
				CLANG_ENABLE_MODULES = YES;
				CLANG_ENABLE_OBJC_ARC = YES;
				CLANG_ENABLE_OBJC_WEAK = YES;
				CLANG_WARN_BLOCK_CAPTURE_AUTORELEASING = YES;
				CLANG_WARN_BOOL_CONVERSION = YES;
				CLANG_WARN_COMMA = YES;
				CLANG_WARN_CONSTANT_CONVERSION = YES;
				CLANG_WARN_DEPRECATED_OBJC_IMPLEMENTATIONS = YES;
				CLANG_WARN_DIRECT_OBJC_ISA_USAGE = YES_ERROR;
				CLANG_WARN_DOCUMENTATION_COMMENTS = YES;
				CLANG_WARN_EMPTY_BODY = YES;
				CLANG_WARN_ENUM_CONVERSION = YES;
				CLANG_WARN_INFINITE_RECURSION = YES;
				CLANG_WARN_INT_CONVERSION = YES;
				CLANG_WARN_NON_LITERAL_NULL_CONVERSION = YES;
				CLANG_WARN_OBJC_IMPLICIT_RETAIN_SELF = YES;
				CLANG_WARN_OBJC_LITERAL_CONVERSION = YES;
				CLANG_WARN_OBJC_ROOT_CLASS = YES_ERROR;
				CLANG_WARN_QUOTED_INCLUDE_IN_FRAMEWORK_HEADER = YES;
				CLANG_WARN_RANGE_LOOP_ANALYSIS = YES;
				CLANG_WARN_STRICT_PROTOTYPES = YES;
				CLANG_WARN_SUSPICIOUS_MOVE = YES;
				CLANG_WARN_UNGUARDED_AVAILABILITY = YES_AGGRESSIVE;
				CLANG_WARN_UNREACHABLE_CODE = YES;
				CLANG_WARN__DUPLICATE_METHOD_MATCH = YES;
				COPY_PHASE_STRIP = NO;
				DEBUG_INFORMATION_FORMAT = "dwarf-with-dsym";
				ENABLE_NS_ASSERTIONS = NO;
				ENABLE_STRICT_OBJC_MSGSEND = YES;
				ENABLE_USER_SCRIPT_SANDBOXING = YES;
				GCC_C_LANGUAGE_STANDARD = gnu17;
				GCC_NO_COMMON_BLOCKS = YES;
				GCC_WARN_64_TO_32_BIT_CONVERSION = YES;
				GCC_WARN_ABOUT_RETURN_TYPE = YES_ERROR;
				GCC_WARN_UNDECLARED_SELECTOR = YES;
				GCC_WARN_UNINITIALIZED_AUTOS = YES_AGGRESSIVE;
				GCC_WARN_UNUSED_FUNCTION = YES;
				GCC_WARN_UNUSED_VARIABLE = YES;
				IPHONEOS_DEPLOYMENT_TARGET = 17.0;
				LOCALIZATION_PREFERS_STRING_CATALOGS = YES;
				MTL_ENABLE_DEBUG_INFO = NO;
				MTL_FAST_MATH = YES;
				SDKROOT = iphoneos;
				SWIFT_COMPILATION_MODE = wholemodule;
				VALIDATE_PRODUCT = YES;
			};
			name = Release;
		};
		BC1490F52A3483E800BD84EF /* Debug */ = {
			isa = XCBuildConfiguration;
			buildSettings = {
				ASSETCATALOG_COMPILER_APPICON_NAME = AppIcon;
				ASSETCATALOG_COMPILER_GLOBAL_ACCENT_COLOR_NAME = AccentColor;
				CODE_SIGN_STYLE = Automatic;
				CURRENT_PROJECT_VERSION = 1;
				DEVELOPMENT_TEAM = S525VJ3WX8;
				GENERATE_INFOPLIST_FILE = YES;
				INFOPLIST_FILE = RickAndMorty/Info.plist;
				INFOPLIST_KEY_UIApplicationSupportsIndirectInputEvents = YES;
				INFOPLIST_KEY_UILaunchStoryboardName = LaunchScreen;
				INFOPLIST_KEY_UISupportedInterfaceOrientations_iPad = "UIInterfaceOrientationPortrait UIInterfaceOrientationPortraitUpsideDown UIInterfaceOrientationLandscapeLeft UIInterfaceOrientationLandscapeRight";
				INFOPLIST_KEY_UISupportedInterfaceOrientations_iPhone = "UIInterfaceOrientationPortrait UIInterfaceOrientationLandscapeLeft UIInterfaceOrientationLandscapeRight";
				LD_RUNPATH_SEARCH_PATHS = (
					"$(inherited)",
					"@executable_path/Frameworks",
				);
				MARKETING_VERSION = 1.0;
				PRODUCT_BUNDLE_IDENTIFIER = IanBleach.RickAndMorty;
				PRODUCT_NAME = "$(TARGET_NAME)";
				SWIFT_EMIT_LOC_STRINGS = YES;
				SWIFT_VERSION = 5.0;
				TARGETED_DEVICE_FAMILY = "1,2";
			};
			name = Debug;
		};
		BC1490F62A3483E800BD84EF /* Release */ = {
			isa = XCBuildConfiguration;
			buildSettings = {
				ASSETCATALOG_COMPILER_APPICON_NAME = AppIcon;
				ASSETCATALOG_COMPILER_GLOBAL_ACCENT_COLOR_NAME = AccentColor;
				CODE_SIGN_STYLE = Automatic;
				CURRENT_PROJECT_VERSION = 1;
				DEVELOPMENT_TEAM = S525VJ3WX8;
				GENERATE_INFOPLIST_FILE = YES;
				INFOPLIST_FILE = RickAndMorty/Info.plist;
				INFOPLIST_KEY_UIApplicationSupportsIndirectInputEvents = YES;
				INFOPLIST_KEY_UILaunchStoryboardName = LaunchScreen;
				INFOPLIST_KEY_UISupportedInterfaceOrientations_iPad = "UIInterfaceOrientationPortrait UIInterfaceOrientationPortraitUpsideDown UIInterfaceOrientationLandscapeLeft UIInterfaceOrientationLandscapeRight";
				INFOPLIST_KEY_UISupportedInterfaceOrientations_iPhone = "UIInterfaceOrientationPortrait UIInterfaceOrientationLandscapeLeft UIInterfaceOrientationLandscapeRight";
				LD_RUNPATH_SEARCH_PATHS = (
					"$(inherited)",
					"@executable_path/Frameworks",
				);
				MARKETING_VERSION = 1.0;
				PRODUCT_BUNDLE_IDENTIFIER = IanBleach.RickAndMorty;
				PRODUCT_NAME = "$(TARGET_NAME)";
				SWIFT_EMIT_LOC_STRINGS = YES;
				SWIFT_VERSION = 5.0;
				TARGETED_DEVICE_FAMILY = "1,2";
			};
			name = Release;
		};
/* End XCBuildConfiguration section */

/* Begin XCConfigurationList section */
		BC1490DB2A3483E700BD84EF /* Build configuration list for PBXProject "RickAndMorty" */ = {
			isa = XCConfigurationList;
			buildConfigurations = (
				BC1490F22A3483E800BD84EF /* Debug */,
				BC1490F32A3483E800BD84EF /* Release */,
			);
			defaultConfigurationIsVisible = 0;
			defaultConfigurationName = Release;
		};
		BC1490F42A3483E800BD84EF /* Build configuration list for PBXNativeTarget "RickAndMorty" */ = {
			isa = XCConfigurationList;
			buildConfigurations = (
				BC1490F52A3483E800BD84EF /* Debug */,
				BC1490F62A3483E800BD84EF /* Release */,
			);
			defaultConfigurationIsVisible = 0;
			defaultConfigurationName = Release;
		};
/* End XCConfigurationList section */
	};
	rootObject = BC1490D82A3483E700BD84EF /* Project object */;
}
